// !$*UTF8*$!
{
	archiveVersion = 1;
	classes = {
	};
	objectVersion = 56;
	objects = {

/* Begin PBXBuildFile section */
		070757FF292FDC8F00649CC9 /* CustomCarousel.swift in Sources */ = {isa = PBXBuildFile; fileRef = 070757FE292FDC8F00649CC9 /* CustomCarousel.swift */; };
		0707580129300BAD00649CC9 /* Bounty.swift in Sources */ = {isa = PBXBuildFile; fileRef = 0707580029300BAD00649CC9 /* Bounty.swift */; };
		0707580329308B4100649CC9 /* DetailView.swift in Sources */ = {isa = PBXBuildFile; fileRef = 0707580229308B4100649CC9 /* DetailView.swift */; };
		07137FD32939A5290041B810 /* LoginView.swift in Sources */ = {isa = PBXBuildFile; fileRef = 07137FD22939A5290041B810 /* LoginView.swift */; };
		07137FD52939D0940041B810 /* UserDetailView.swift in Sources */ = {isa = PBXBuildFile; fileRef = 07137FD42939D0930041B810 /* UserDetailView.swift */; };
		0741DF8D29346239000A8374 /* CustomTextField.swift in Sources */ = {isa = PBXBuildFile; fileRef = 0741DF8C29346239000A8374 /* CustomTextField.swift */; };
		078D396F293AC330004B77B2 /* User.swift in Sources */ = {isa = PBXBuildFile; fileRef = 078D396E293AC330004B77B2 /* User.swift */; };
		078D3971293AE7D9004B77B2 /* NetworkController.swift in Sources */ = {isa = PBXBuildFile; fileRef = 078D3970293AE7D9004B77B2 /* NetworkController.swift */; };
		07C7A076292F0BB700750B6D /* MainView.swift in Sources */ = {isa = PBXBuildFile; fileRef = 07C7A075292F0BB700750B6D /* MainView.swift */; };
		07C7A07A292F0D9C00750B6D /* Tab.swift in Sources */ = {isa = PBXBuildFile; fileRef = 07C7A079292F0D9C00750B6D /* Tab.swift */; };
		07C7A07C292F17AD00750B6D /* CustomCorner.swift in Sources */ = {isa = PBXBuildFile; fileRef = 07C7A07B292F17AD00750B6D /* CustomCorner.swift */; };
		07C7A07E292F1E4800750B6D /* Home.swift in Sources */ = {isa = PBXBuildFile; fileRef = 07C7A07D292F1E4800750B6D /* Home.swift */; };
		07DC9FD8292ECB15007BFB6E /* BigRedBountyApp.swift in Sources */ = {isa = PBXBuildFile; fileRef = 07DC9FD7292ECB15007BFB6E /* BigRedBountyApp.swift */; };
		07DC9FDA292ECB15007BFB6E /* ContentView.swift in Sources */ = {isa = PBXBuildFile; fileRef = 07DC9FD9292ECB15007BFB6E /* ContentView.swift */; };
		07DC9FDC292ECB16007BFB6E /* Assets.xcassets in Resources */ = {isa = PBXBuildFile; fileRef = 07DC9FDB292ECB16007BFB6E /* Assets.xcassets */; };
		07DC9FDF292ECB16007BFB6E /* Preview Assets.xcassets in Resources */ = {isa = PBXBuildFile; fileRef = 07DC9FDE292ECB16007BFB6E /* Preview Assets.xcassets */; };
		07DC9FE9292ECB16007BFB6E /* BigRedBountyTests.swift in Sources */ = {isa = PBXBuildFile; fileRef = 07DC9FE8292ECB16007BFB6E /* BigRedBountyTests.swift */; };
		07DC9FF3292ECB16007BFB6E /* BigRedBountyUITests.swift in Sources */ = {isa = PBXBuildFile; fileRef = 07DC9FF2292ECB16007BFB6E /* BigRedBountyUITests.swift */; };
		07DC9FF5292ECB16007BFB6E /* BigRedBountyUITestsLaunchTests.swift in Sources */ = {isa = PBXBuildFile; fileRef = 07DC9FF4292ECB16007BFB6E /* BigRedBountyUITestsLaunchTests.swift */; };
		07E09B8D2931CBFA00DC206C /* Post.swift in Sources */ = {isa = PBXBuildFile; fileRef = 07E09B8C2931CBFA00DC206C /* Post.swift */; };
		07E09B8F2931CC2700DC206C /* Profile.swift in Sources */ = {isa = PBXBuildFile; fileRef = 07E09B8E2931CC2700DC206C /* Profile.swift */; };
		07FD12E82939E88D0053E7B9 /* Message.swift in Sources */ = {isa = PBXBuildFile; fileRef = 07FD12E72939E88D0053E7B9 /* Message.swift */; };
/* End PBXBuildFile section */

/* Begin PBXContainerItemProxy section */
		07DC9FE5292ECB16007BFB6E /* PBXContainerItemProxy */ = {
			isa = PBXContainerItemProxy;
			containerPortal = 07DC9FCC292ECB15007BFB6E /* Project object */;
			proxyType = 1;
			remoteGlobalIDString = 07DC9FD3292ECB15007BFB6E;
			remoteInfo = BigRedBounty;
		};
		07DC9FEF292ECB16007BFB6E /* PBXContainerItemProxy */ = {
			isa = PBXContainerItemProxy;
			containerPortal = 07DC9FCC292ECB15007BFB6E /* Project object */;
			proxyType = 1;
			remoteGlobalIDString = 07DC9FD3292ECB15007BFB6E;
			remoteInfo = BigRedBounty;
		};
/* End PBXContainerItemProxy section */

/* Begin PBXFileReference section */
		070757FE292FDC8F00649CC9 /* CustomCarousel.swift */ = {isa = PBXFileReference; lastKnownFileType = sourcecode.swift; path = CustomCarousel.swift; sourceTree = "<group>"; };
		0707580029300BAD00649CC9 /* Bounty.swift */ = {isa = PBXFileReference; lastKnownFileType = sourcecode.swift; path = Bounty.swift; sourceTree = "<group>"; };
		0707580229308B4100649CC9 /* DetailView.swift */ = {isa = PBXFileReference; lastKnownFileType = sourcecode.swift; path = DetailView.swift; sourceTree = "<group>"; };
		07137FD22939A5290041B810 /* LoginView.swift */ = {isa = PBXFileReference; lastKnownFileType = sourcecode.swift; path = LoginView.swift; sourceTree = "<group>"; };
		07137FD42939D0930041B810 /* UserDetailView.swift */ = {isa = PBXFileReference; lastKnownFileType = sourcecode.swift; path = UserDetailView.swift; sourceTree = "<group>"; };
		0741DF8C29346239000A8374 /* CustomTextField.swift */ = {isa = PBXFileReference; lastKnownFileType = sourcecode.swift; path = CustomTextField.swift; sourceTree = "<group>"; };
		078D396E293AC330004B77B2 /* User.swift */ = {isa = PBXFileReference; lastKnownFileType = sourcecode.swift; path = User.swift; sourceTree = "<group>"; };
		078D3970293AE7D9004B77B2 /* NetworkController.swift */ = {isa = PBXFileReference; lastKnownFileType = sourcecode.swift; path = NetworkController.swift; sourceTree = "<group>"; };
		07C7A075292F0BB700750B6D /* MainView.swift */ = {isa = PBXFileReference; lastKnownFileType = sourcecode.swift; path = MainView.swift; sourceTree = "<group>"; };
		07C7A079292F0D9C00750B6D /* Tab.swift */ = {isa = PBXFileReference; lastKnownFileType = sourcecode.swift; path = Tab.swift; sourceTree = "<group>"; };
		07C7A07B292F17AD00750B6D /* CustomCorner.swift */ = {isa = PBXFileReference; lastKnownFileType = sourcecode.swift; path = CustomCorner.swift; sourceTree = "<group>"; };
		07C7A07D292F1E4800750B6D /* Home.swift */ = {isa = PBXFileReference; lastKnownFileType = sourcecode.swift; path = Home.swift; sourceTree = "<group>"; };
		07DC9FD4292ECB15007BFB6E /* BigRedBounty.app */ = {isa = PBXFileReference; explicitFileType = wrapper.application; includeInIndex = 0; path = BigRedBounty.app; sourceTree = BUILT_PRODUCTS_DIR; };
		07DC9FD7292ECB15007BFB6E /* BigRedBountyApp.swift */ = {isa = PBXFileReference; lastKnownFileType = sourcecode.swift; path = BigRedBountyApp.swift; sourceTree = "<group>"; };
		07DC9FD9292ECB15007BFB6E /* ContentView.swift */ = {isa = PBXFileReference; lastKnownFileType = sourcecode.swift; path = ContentView.swift; sourceTree = "<group>"; };
		07DC9FDB292ECB16007BFB6E /* Assets.xcassets */ = {isa = PBXFileReference; lastKnownFileType = folder.assetcatalog; path = Assets.xcassets; sourceTree = "<group>"; };
		07DC9FDE292ECB16007BFB6E /* Preview Assets.xcassets */ = {isa = PBXFileReference; lastKnownFileType = folder.assetcatalog; path = "Preview Assets.xcassets"; sourceTree = "<group>"; };
		07DC9FE4292ECB16007BFB6E /* BigRedBountyTests.xctest */ = {isa = PBXFileReference; explicitFileType = wrapper.cfbundle; includeInIndex = 0; path = BigRedBountyTests.xctest; sourceTree = BUILT_PRODUCTS_DIR; };
		07DC9FE8292ECB16007BFB6E /* BigRedBountyTests.swift */ = {isa = PBXFileReference; lastKnownFileType = sourcecode.swift; path = BigRedBountyTests.swift; sourceTree = "<group>"; };
		07DC9FEE292ECB16007BFB6E /* BigRedBountyUITests.xctest */ = {isa = PBXFileReference; explicitFileType = wrapper.cfbundle; includeInIndex = 0; path = BigRedBountyUITests.xctest; sourceTree = BUILT_PRODUCTS_DIR; };
		07DC9FF2292ECB16007BFB6E /* BigRedBountyUITests.swift */ = {isa = PBXFileReference; lastKnownFileType = sourcecode.swift; path = BigRedBountyUITests.swift; sourceTree = "<group>"; };
		07DC9FF4292ECB16007BFB6E /* BigRedBountyUITestsLaunchTests.swift */ = {isa = PBXFileReference; lastKnownFileType = sourcecode.swift; path = BigRedBountyUITestsLaunchTests.swift; sourceTree = "<group>"; };
		07E09B8C2931CBFA00DC206C /* Post.swift */ = {isa = PBXFileReference; lastKnownFileType = sourcecode.swift; path = Post.swift; sourceTree = "<group>"; };
		07E09B8E2931CC2700DC206C /* Profile.swift */ = {isa = PBXFileReference; lastKnownFileType = sourcecode.swift; path = Profile.swift; sourceTree = "<group>"; };
		07FD12E72939E88D0053E7B9 /* Message.swift */ = {isa = PBXFileReference; lastKnownFileType = sourcecode.swift; path = Message.swift; sourceTree = "<group>"; };
/* End PBXFileReference section */

/* Begin PBXFrameworksBuildPhase section */
		07DC9FD1292ECB15007BFB6E /* Frameworks */ = {
			isa = PBXFrameworksBuildPhase;
			buildActionMask = 2147483647;
			files = (
			);
			runOnlyForDeploymentPostprocessing = 0;
		};
		07DC9FE1292ECB16007BFB6E /* Frameworks */ = {
			isa = PBXFrameworksBuildPhase;
			buildActionMask = 2147483647;
			files = (
			);
			runOnlyForDeploymentPostprocessing = 0;
		};
		07DC9FEB292ECB16007BFB6E /* Frameworks */ = {
			isa = PBXFrameworksBuildPhase;
			buildActionMask = 2147483647;
			files = (
			);
			runOnlyForDeploymentPostprocessing = 0;
		};
/* End PBXFrameworksBuildPhase section */

/* Begin PBXGroup section */
		07DC9FCB292ECB15007BFB6E = {
			isa = PBXGroup;
			children = (
				07DC9FD6292ECB15007BFB6E /* BigRedBounty */,
				07DC9FE7292ECB16007BFB6E /* BigRedBountyTests */,
				07DC9FF1292ECB16007BFB6E /* BigRedBountyUITests */,
				07DC9FD5292ECB15007BFB6E /* Products */,
			);
			sourceTree = "<group>";
		};
		07DC9FD5292ECB15007BFB6E /* Products */ = {
			isa = PBXGroup;
			children = (
				07DC9FD4292ECB15007BFB6E /* BigRedBounty.app */,
				07DC9FE4292ECB16007BFB6E /* BigRedBountyTests.xctest */,
				07DC9FEE292ECB16007BFB6E /* BigRedBountyUITests.xctest */,
			);
			name = Products;
			sourceTree = "<group>";
		};
		07DC9FD6292ECB15007BFB6E /* BigRedBounty */ = {
			isa = PBXGroup;
			children = (
				07C7A075292F0BB700750B6D /* MainView.swift */,
				07E09B8E2931CC2700DC206C /* Profile.swift */,
				07FD12E72939E88D0053E7B9 /* Message.swift */,
				07137FD22939A5290041B810 /* LoginView.swift */,
				078D3970293AE7D9004B77B2 /* NetworkController.swift */,
				078D396E293AC330004B77B2 /* User.swift */,
				07E09B8C2931CBFA00DC206C /* Post.swift */,
				0741DF8C29346239000A8374 /* CustomTextField.swift */,
				07C7A07D292F1E4800750B6D /* Home.swift */,
				07137FD42939D0930041B810 /* UserDetailView.swift */,
				0707580229308B4100649CC9 /* DetailView.swift */,
				0707580029300BAD00649CC9 /* Bounty.swift */,
				07C7A07B292F17AD00750B6D /* CustomCorner.swift */,
				07DC9FD7292ECB15007BFB6E /* BigRedBountyApp.swift */,
				07DC9FD9292ECB15007BFB6E /* ContentView.swift */,
				07DC9FDB292ECB16007BFB6E /* Assets.xcassets */,
				07DC9FDD292ECB16007BFB6E /* Preview Content */,
				07C7A079292F0D9C00750B6D /* Tab.swift */,
				070757FE292FDC8F00649CC9 /* CustomCarousel.swift */,
			);
			path = BigRedBounty;
			sourceTree = "<group>";
		};
		07DC9FDD292ECB16007BFB6E /* Preview Content */ = {
			isa = PBXGroup;
			children = (
				07DC9FDE292ECB16007BFB6E /* Preview Assets.xcassets */,
			);
			path = "Preview Content";
			sourceTree = "<group>";
		};
		07DC9FE7292ECB16007BFB6E /* BigRedBountyTests */ = {
			isa = PBXGroup;
			children = (
				07DC9FE8292ECB16007BFB6E /* BigRedBountyTests.swift */,
			);
			path = BigRedBountyTests;
			sourceTree = "<group>";
		};
		07DC9FF1292ECB16007BFB6E /* BigRedBountyUITests */ = {
			isa = PBXGroup;
			children = (
				07DC9FF2292ECB16007BFB6E /* BigRedBountyUITests.swift */,
				07DC9FF4292ECB16007BFB6E /* BigRedBountyUITestsLaunchTests.swift */,
			);
			path = BigRedBountyUITests;
			sourceTree = "<group>";
		};
/* End PBXGroup section */

/* Begin PBXNativeTarget section */
		07DC9FD3292ECB15007BFB6E /* BigRedBounty */ = {
			isa = PBXNativeTarget;
			buildConfigurationList = 07DC9FF8292ECB16007BFB6E /* Build configuration list for PBXNativeTarget "BigRedBounty" */;
			buildPhases = (
				07DC9FD0292ECB15007BFB6E /* Sources */,
				07DC9FD1292ECB15007BFB6E /* Frameworks */,
				07DC9FD2292ECB15007BFB6E /* Resources */,
			);
			buildRules = (
			);
			dependencies = (
			);
			name = BigRedBounty;
			productName = BigRedBounty;
			productReference = 07DC9FD4292ECB15007BFB6E /* BigRedBounty.app */;
			productType = "com.apple.product-type.application";
		};
		07DC9FE3292ECB16007BFB6E /* BigRedBountyTests */ = {
			isa = PBXNativeTarget;
			buildConfigurationList = 07DC9FFB292ECB16007BFB6E /* Build configuration list for PBXNativeTarget "BigRedBountyTests" */;
			buildPhases = (
				07DC9FE0292ECB16007BFB6E /* Sources */,
				07DC9FE1292ECB16007BFB6E /* Frameworks */,
				07DC9FE2292ECB16007BFB6E /* Resources */,
			);
			buildRules = (
			);
			dependencies = (
				07DC9FE6292ECB16007BFB6E /* PBXTargetDependency */,
			);
			name = BigRedBountyTests;
			productName = BigRedBountyTests;
			productReference = 07DC9FE4292ECB16007BFB6E /* BigRedBountyTests.xctest */;
			productType = "com.apple.product-type.bundle.unit-test";
		};
		07DC9FED292ECB16007BFB6E /* BigRedBountyUITests */ = {
			isa = PBXNativeTarget;
			buildConfigurationList = 07DC9FFE292ECB16007BFB6E /* Build configuration list for PBXNativeTarget "BigRedBountyUITests" */;
			buildPhases = (
				07DC9FEA292ECB16007BFB6E /* Sources */,
				07DC9FEB292ECB16007BFB6E /* Frameworks */,
				07DC9FEC292ECB16007BFB6E /* Resources */,
			);
			buildRules = (
			);
			dependencies = (
				07DC9FF0292ECB16007BFB6E /* PBXTargetDependency */,
			);
			name = BigRedBountyUITests;
			productName = BigRedBountyUITests;
			productReference = 07DC9FEE292ECB16007BFB6E /* BigRedBountyUITests.xctest */;
			productType = "com.apple.product-type.bundle.ui-testing";
		};
/* End PBXNativeTarget section */

/* Begin PBXProject section */
		07DC9FCC292ECB15007BFB6E /* Project object */ = {
			isa = PBXProject;
			attributes = {
				BuildIndependentTargetsInParallel = 1;
				LastSwiftUpdateCheck = 1410;
				LastUpgradeCheck = 1410;
				TargetAttributes = {
					07DC9FD3292ECB15007BFB6E = {
						CreatedOnToolsVersion = 14.1;
					};
					07DC9FE3292ECB16007BFB6E = {
						CreatedOnToolsVersion = 14.1;
						TestTargetID = 07DC9FD3292ECB15007BFB6E;
					};
					07DC9FED292ECB16007BFB6E = {
						CreatedOnToolsVersion = 14.1;
						TestTargetID = 07DC9FD3292ECB15007BFB6E;
					};
				};
			};
			buildConfigurationList = 07DC9FCF292ECB15007BFB6E /* Build configuration list for PBXProject "BigRedBounty" */;
			compatibilityVersion = "Xcode 14.0";
			developmentRegion = en;
			hasScannedForEncodings = 0;
			knownRegions = (
				en,
				Base,
			);
			mainGroup = 07DC9FCB292ECB15007BFB6E;
			productRefGroup = 07DC9FD5292ECB15007BFB6E /* Products */;
			projectDirPath = "";
			projectRoot = "";
			targets = (
				07DC9FD3292ECB15007BFB6E /* BigRedBounty */,
				07DC9FE3292ECB16007BFB6E /* BigRedBountyTests */,
				07DC9FED292ECB16007BFB6E /* BigRedBountyUITests */,
			);
		};
/* End PBXProject section */

/* Begin PBXResourcesBuildPhase section */
		07DC9FD2292ECB15007BFB6E /* Resources */ = {
			isa = PBXResourcesBuildPhase;
			buildActionMask = 2147483647;
			files = (
				07DC9FDF292ECB16007BFB6E /* Preview Assets.xcassets in Resources */,
				07DC9FDC292ECB16007BFB6E /* Assets.xcassets in Resources */,
			);
			runOnlyForDeploymentPostprocessing = 0;
		};
		07DC9FE2292ECB16007BFB6E /* Resources */ = {
			isa = PBXResourcesBuildPhase;
			buildActionMask = 2147483647;
			files = (
			);
			runOnlyForDeploymentPostprocessing = 0;
		};
		07DC9FEC292ECB16007BFB6E /* Resources */ = {
			isa = PBXResourcesBuildPhase;
			buildActionMask = 2147483647;
			files = (
			);
			runOnlyForDeploymentPostprocessing = 0;
		};
/* End PBXResourcesBuildPhase section */

/* Begin PBXSourcesBuildPhase section */
		07DC9FD0292ECB15007BFB6E /* Sources */ = {
			isa = PBXSourcesBuildPhase;
			buildActionMask = 2147483647;
			files = (
				0707580129300BAD00649CC9 /* Bounty.swift in Sources */,
				0707580329308B4100649CC9 /* DetailView.swift in Sources */,
				07DC9FDA292ECB15007BFB6E /* ContentView.swift in Sources */,
				078D3971293AE7D9004B77B2 /* NetworkController.swift in Sources */,
				07137FD32939A5290041B810 /* LoginView.swift in Sources */,
				078D396F293AC330004B77B2 /* User.swift in Sources */,
				07137FD52939D0940041B810 /* UserDetailView.swift in Sources */,
				070757FF292FDC8F00649CC9 /* CustomCarousel.swift in Sources */,
				07C7A07C292F17AD00750B6D /* CustomCorner.swift in Sources */,
				07C7A076292F0BB700750B6D /* MainView.swift in Sources */,
				07DC9FD8292ECB15007BFB6E /* BigRedBountyApp.swift in Sources */,
				07C7A07E292F1E4800750B6D /* Home.swift in Sources */,
				0741DF8D29346239000A8374 /* CustomTextField.swift in Sources */,
				07E09B8F2931CC2700DC206C /* Profile.swift in Sources */,
				07FD12E82939E88D0053E7B9 /* Message.swift in Sources */,
				07C7A07A292F0D9C00750B6D /* Tab.swift in Sources */,
				07E09B8D2931CBFA00DC206C /* Post.swift in Sources */,
			);
			runOnlyForDeploymentPostprocessing = 0;
		};
		07DC9FE0292ECB16007BFB6E /* Sources */ = {
			isa = PBXSourcesBuildPhase;
			buildActionMask = 2147483647;
			files = (
				07DC9FE9292ECB16007BFB6E /* BigRedBountyTests.swift in Sources */,
			);
			runOnlyForDeploymentPostprocessing = 0;
		};
		07DC9FEA292ECB16007BFB6E /* Sources */ = {
			isa = PBXSourcesBuildPhase;
			buildActionMask = 2147483647;
			files = (
				07DC9FF5292ECB16007BFB6E /* BigRedBountyUITestsLaunchTests.swift in Sources */,
				07DC9FF3292ECB16007BFB6E /* BigRedBountyUITests.swift in Sources */,
			);
			runOnlyForDeploymentPostprocessing = 0;
		};
/* End PBXSourcesBuildPhase section */

/* Begin PBXTargetDependency section */
		07DC9FE6292ECB16007BFB6E /* PBXTargetDependency */ = {
			isa = PBXTargetDependency;
			target = 07DC9FD3292ECB15007BFB6E /* BigRedBounty */;
			targetProxy = 07DC9FE5292ECB16007BFB6E /* PBXContainerItemProxy */;
		};
		07DC9FF0292ECB16007BFB6E /* PBXTargetDependency */ = {
			isa = PBXTargetDependency;
			target = 07DC9FD3292ECB15007BFB6E /* BigRedBounty */;
			targetProxy = 07DC9FEF292ECB16007BFB6E /* PBXContainerItemProxy */;
		};
/* End PBXTargetDependency section */

/* Begin XCBuildConfiguration section */
		07DC9FF6292ECB16007BFB6E /* Debug */ = {
			isa = XCBuildConfiguration;
			buildSettings = {
				ALWAYS_SEARCH_USER_PATHS = NO;
				CLANG_ANALYZER_NONNULL = YES;
				CLANG_ANALYZER_NUMBER_OBJECT_CONVERSION = YES_AGGRESSIVE;
				CLANG_CXX_LANGUAGE_STANDARD = "gnu++20";
				CLANG_ENABLE_MODULES = YES;
				CLANG_ENABLE_OBJC_ARC = YES;
				CLANG_ENABLE_OBJC_WEAK = YES;
				CLANG_WARN_BLOCK_CAPTURE_AUTORELEASING = YES;
				CLANG_WARN_BOOL_CONVERSION = YES;
				CLANG_WARN_COMMA = YES;
				CLANG_WARN_CONSTANT_CONVERSION = YES;
				CLANG_WARN_DEPRECATED_OBJC_IMPLEMENTATIONS = YES;
				CLANG_WARN_DIRECT_OBJC_ISA_USAGE = YES_ERROR;
				CLANG_WARN_DOCUMENTATION_COMMENTS = YES;
				CLANG_WARN_EMPTY_BODY = YES;
				CLANG_WARN_ENUM_CONVERSION = YES;
				CLANG_WARN_INFINITE_RECURSION = YES;
				CLANG_WARN_INT_CONVERSION = YES;
				CLANG_WARN_NON_LITERAL_NULL_CONVERSION = YES;
				CLANG_WARN_OBJC_IMPLICIT_RETAIN_SELF = YES;
				CLANG_WARN_OBJC_LITERAL_CONVERSION = YES;
				CLANG_WARN_OBJC_ROOT_CLASS = YES_ERROR;
				CLANG_WARN_QUOTED_INCLUDE_IN_FRAMEWORK_HEADER = YES;
				CLANG_WARN_RANGE_LOOP_ANALYSIS = YES;
				CLANG_WARN_STRICT_PROTOTYPES = YES;
				CLANG_WARN_SUSPICIOUS_MOVE = YES;
				CLANG_WARN_UNGUARDED_AVAILABILITY = YES_AGGRESSIVE;
				CLANG_WARN_UNREACHABLE_CODE = YES;
				CLANG_WARN__DUPLICATE_METHOD_MATCH = YES;
				COPY_PHASE_STRIP = NO;
				DEBUG_INFORMATION_FORMAT = dwarf;
				ENABLE_STRICT_OBJC_MSGSEND = YES;
				ENABLE_TESTABILITY = YES;
				GCC_C_LANGUAGE_STANDARD = gnu11;
				GCC_DYNAMIC_NO_PIC = NO;
				GCC_NO_COMMON_BLOCKS = YES;
				GCC_OPTIMIZATION_LEVEL = 0;
				GCC_PREPROCESSOR_DEFINITIONS = (
					"DEBUG=1",
					"$(inherited)",
				);
				GCC_WARN_64_TO_32_BIT_CONVERSION = YES;
				GCC_WARN_ABOUT_RETURN_TYPE = YES_ERROR;
				GCC_WARN_UNDECLARED_SELECTOR = YES;
				GCC_WARN_UNINITIALIZED_AUTOS = YES_AGGRESSIVE;
				GCC_WARN_UNUSED_FUNCTION = YES;
				GCC_WARN_UNUSED_VARIABLE = YES;
				IPHONEOS_DEPLOYMENT_TARGET = 16.1;
				MTL_ENABLE_DEBUG_INFO = INCLUDE_SOURCE;
				MTL_FAST_MATH = YES;
				ONLY_ACTIVE_ARCH = YES;
				SDKROOT = iphoneos;
				SWIFT_ACTIVE_COMPILATION_CONDITIONS = DEBUG;
				SWIFT_OPTIMIZATION_LEVEL = "-Onone";
			};
			name = Debug;
		};
		07DC9FF7292ECB16007BFB6E /* Release */ = {
			isa = XCBuildConfiguration;
			buildSettings = {
				ALWAYS_SEARCH_USER_PATHS = NO;
				CLANG_ANALYZER_NONNULL = YES;
				CLANG_ANALYZER_NUMBER_OBJECT_CONVERSION = YES_AGGRESSIVE;
				CLANG_CXX_LANGUAGE_STANDARD = "gnu++20";
				CLANG_ENABLE_MODULES = YES;
				CLANG_ENABLE_OBJC_ARC = YES;
				CLANG_ENABLE_OBJC_WEAK = YES;
				CLANG_WARN_BLOCK_CAPTURE_AUTORELEASING = YES;
				CLANG_WARN_BOOL_CONVERSION = YES;
				CLANG_WARN_COMMA = YES;
				CLANG_WARN_CONSTANT_CONVERSION = YES;
				CLANG_WARN_DEPRECATED_OBJC_IMPLEMENTATIONS = YES;
				CLANG_WARN_DIRECT_OBJC_ISA_USAGE = YES_ERROR;
				CLANG_WARN_DOCUMENTATION_COMMENTS = YES;
				CLANG_WARN_EMPTY_BODY = YES;
				CLANG_WARN_ENUM_CONVERSION = YES;
				CLANG_WARN_INFINITE_RECURSION = YES;
				CLANG_WARN_INT_CONVERSION = YES;
				CLANG_WARN_NON_LITERAL_NULL_CONVERSION = YES;
				CLANG_WARN_OBJC_IMPLICIT_RETAIN_SELF = YES;
				CLANG_WARN_OBJC_LITERAL_CONVERSION = YES;
				CLANG_WARN_OBJC_ROOT_CLASS = YES_ERROR;
				CLANG_WARN_QUOTED_INCLUDE_IN_FRAMEWORK_HEADER = YES;
				CLANG_WARN_RANGE_LOOP_ANALYSIS = YES;
				CLANG_WARN_STRICT_PROTOTYPES = YES;
				CLANG_WARN_SUSPICIOUS_MOVE = YES;
				CLANG_WARN_UNGUARDED_AVAILABILITY = YES_AGGRESSIVE;
				CLANG_WARN_UNREACHABLE_CODE = YES;
				CLANG_WARN__DUPLICATE_METHOD_MATCH = YES;
				COPY_PHASE_STRIP = NO;
				DEBUG_INFORMATION_FORMAT = "dwarf-with-dsym";
				ENABLE_NS_ASSERTIONS = NO;
				ENABLE_STRICT_OBJC_MSGSEND = YES;
				GCC_C_LANGUAGE_STANDARD = gnu11;
				GCC_NO_COMMON_BLOCKS = YES;
				GCC_WARN_64_TO_32_BIT_CONVERSION = YES;
				GCC_WARN_ABOUT_RETURN_TYPE = YES_ERROR;
				GCC_WARN_UNDECLARED_SELECTOR = YES;
				GCC_WARN_UNINITIALIZED_AUTOS = YES_AGGRESSIVE;
				GCC_WARN_UNUSED_FUNCTION = YES;
				GCC_WARN_UNUSED_VARIABLE = YES;
				IPHONEOS_DEPLOYMENT_TARGET = 16.1;
				MTL_ENABLE_DEBUG_INFO = NO;
				MTL_FAST_MATH = YES;
				SDKROOT = iphoneos;
				SWIFT_COMPILATION_MODE = wholemodule;
				SWIFT_OPTIMIZATION_LEVEL = "-O";
				VALIDATE_PRODUCT = YES;
			};
			name = Release;
		};
		07DC9FF9292ECB16007BFB6E /* Debug */ = {
			isa = XCBuildConfiguration;
			buildSettings = {
				ASSETCATALOG_COMPILER_APPICON_NAME = AppIcon;
				ASSETCATALOG_COMPILER_GLOBAL_ACCENT_COLOR_NAME = AccentColor;
				CODE_SIGN_STYLE = Automatic;
				CURRENT_PROJECT_VERSION = 1;
				DEVELOPMENT_ASSET_PATHS = "\"BigRedBounty/Preview Content\"";
				ENABLE_PREVIEWS = YES;
				GENERATE_INFOPLIST_FILE = YES;
				INFOPLIST_KEY_UIApplicationSceneManifest_Generation = YES;
				INFOPLIST_KEY_UIApplicationSupportsIndirectInputEvents = YES;
				INFOPLIST_KEY_UILaunchScreen_Generation = YES;
				INFOPLIST_KEY_UISupportedInterfaceOrientations_iPad = "UIInterfaceOrientationPortrait UIInterfaceOrientationPortraitUpsideDown UIInterfaceOrientationLandscapeLeft UIInterfaceOrientationLandscapeRight";
				INFOPLIST_KEY_UISupportedInterfaceOrientations_iPhone = "UIInterfaceOrientationPortrait UIInterfaceOrientationLandscapeLeft UIInterfaceOrientationLandscapeRight";
				LD_RUNPATH_SEARCH_PATHS = (
					"$(inherited)",
					"@executable_path/Frameworks",
				);
				MARKETING_VERSION = 1.0;
				PRODUCT_BUNDLE_IDENTIFIER = com.cornellappdev.BigRedBounty;
				PRODUCT_NAME = "$(TARGET_NAME)";
				SWIFT_EMIT_LOC_STRINGS = YES;
				SWIFT_VERSION = 5.0;
				TARGETED_DEVICE_FAMILY = "1,2";
			};
			name = Debug;
		};
		07DC9FFA292ECB16007BFB6E /* Release */ = {
			isa = XCBuildConfiguration;
			buildSettings = {
				ASSETCATALOG_COMPILER_APPICON_NAME = AppIcon;
				ASSETCATALOG_COMPILER_GLOBAL_ACCENT_COLOR_NAME = AccentColor;
				CODE_SIGN_STYLE = Automatic;
				CURRENT_PROJECT_VERSION = 1;
				DEVELOPMENT_ASSET_PATHS = "\"BigRedBounty/Preview Content\"";
				ENABLE_PREVIEWS = YES;
				GENERATE_INFOPLIST_FILE = YES;
				INFOPLIST_KEY_UIApplicationSceneManifest_Generation = YES;
				INFOPLIST_KEY_UIApplicationSupportsIndirectInputEvents = YES;
				INFOPLIST_KEY_UILaunchScreen_Generation = YES;
				INFOPLIST_KEY_UISupportedInterfaceOrientations_iPad = "UIInterfaceOrientationPortrait UIInterfaceOrientationPortraitUpsideDown UIInterfaceOrientationLandscapeLeft UIInterfaceOrientationLandscapeRight";
				INFOPLIST_KEY_UISupportedInterfaceOrientations_iPhone = "UIInterfaceOrientationPortrait UIInterfaceOrientationLandscapeLeft UIInterfaceOrientationLandscapeRight";
				LD_RUNPATH_SEARCH_PATHS = (
					"$(inherited)",
					"@executable_path/Frameworks",
				);
				MARKETING_VERSION = 1.0;
				PRODUCT_BUNDLE_IDENTIFIER = com.cornellappdev.BigRedBounty;
				PRODUCT_NAME = "$(TARGET_NAME)";
				SWIFT_EMIT_LOC_STRINGS = YES;
				SWIFT_VERSION = 5.0;
				TARGETED_DEVICE_FAMILY = "1,2";
			};
			name = Release;
		};
		07DC9FFC292ECB16007BFB6E /* Debug */ = {
			isa = XCBuildConfiguration;
			buildSettings = {
				ALWAYS_EMBED_SWIFT_STANDARD_LIBRARIES = YES;
				BUNDLE_LOADER = "$(TEST_HOST)";
				CODE_SIGN_STYLE = Automatic;
				CURRENT_PROJECT_VERSION = 1;
				GENERATE_INFOPLIST_FILE = YES;
				IPHONEOS_DEPLOYMENT_TARGET = 16.1;
				MARKETING_VERSION = 1.0;
				PRODUCT_BUNDLE_IDENTIFIER = com.cornellappdev.BigRedBountyTests;
				PRODUCT_NAME = "$(TARGET_NAME)";
				SWIFT_EMIT_LOC_STRINGS = NO;
				SWIFT_VERSION = 5.0;
				TARGETED_DEVICE_FAMILY = "1,2";
				TEST_HOST = "$(BUILT_PRODUCTS_DIR)/BigRedBounty.app/$(BUNDLE_EXECUTABLE_FOLDER_PATH)/BigRedBounty";
			};
			name = Debug;
		};
		07DC9FFD292ECB16007BFB6E /* Release */ = {
			isa = XCBuildConfiguration;
			buildSettings = {
				ALWAYS_EMBED_SWIFT_STANDARD_LIBRARIES = YES;
				BUNDLE_LOADER = "$(TEST_HOST)";
				CODE_SIGN_STYLE = Automatic;
				CURRENT_PROJECT_VERSION = 1;
				GENERATE_INFOPLIST_FILE = YES;
				IPHONEOS_DEPLOYMENT_TARGET = 16.1;
				MARKETING_VERSION = 1.0;
				PRODUCT_BUNDLE_IDENTIFIER = com.cornellappdev.BigRedBountyTests;
				PRODUCT_NAME = "$(TARGET_NAME)";
				SWIFT_EMIT_LOC_STRINGS = NO;
				SWIFT_VERSION = 5.0;
				TARGETED_DEVICE_FAMILY = "1,2";
				TEST_HOST = "$(BUILT_PRODUCTS_DIR)/BigRedBounty.app/$(BUNDLE_EXECUTABLE_FOLDER_PATH)/BigRedBounty";
			};
			name = Release;
		};
		07DC9FFF292ECB16007BFB6E /* Debug */ = {
			isa = XCBuildConfiguration;
			buildSettings = {
				ALWAYS_EMBED_SWIFT_STANDARD_LIBRARIES = YES;
				CODE_SIGN_STYLE = Automatic;
				CURRENT_PROJECT_VERSION = 1;
				GENERATE_INFOPLIST_FILE = YES;
				MARKETING_VERSION = 1.0;
				PRODUCT_BUNDLE_IDENTIFIER = com.cornellappdev.BigRedBountyUITests;
				PRODUCT_NAME = "$(TARGET_NAME)";
				SWIFT_EMIT_LOC_STRINGS = NO;
				SWIFT_VERSION = 5.0;
				TARGETED_DEVICE_FAMILY = "1,2";
				TEST_TARGET_NAME = BigRedBounty;
			};
			name = Debug;
		};
		07DCA000292ECB16007BFB6E /* Release */ = {
			isa = XCBuildConfiguration;
			buildSettings = {
				ALWAYS_EMBED_SWIFT_STANDARD_LIBRARIES = YES;
				CODE_SIGN_STYLE = Automatic;
				CURRENT_PROJECT_VERSION = 1;
				GENERATE_INFOPLIST_FILE = YES;
				MARKETING_VERSION = 1.0;
				PRODUCT_BUNDLE_IDENTIFIER = com.cornellappdev.BigRedBountyUITests;
				PRODUCT_NAME = "$(TARGET_NAME)";
				SWIFT_EMIT_LOC_STRINGS = NO;
				SWIFT_VERSION = 5.0;
				TARGETED_DEVICE_FAMILY = "1,2";
				TEST_TARGET_NAME = BigRedBounty;
			};
			name = Release;
		};
/* End XCBuildConfiguration section */

/* Begin XCConfigurationList section */
		07DC9FCF292ECB15007BFB6E /* Build configuration list for PBXProject "BigRedBounty" */ = {
			isa = XCConfigurationList;
			buildConfigurations = (
				07DC9FF6292ECB16007BFB6E /* Debug */,
				07DC9FF7292ECB16007BFB6E /* Release */,
			);
			defaultConfigurationIsVisible = 0;
			defaultConfigurationName = Release;
		};
		07DC9FF8292ECB16007BFB6E /* Build configuration list for PBXNativeTarget "BigRedBounty" */ = {
			isa = XCConfigurationList;
			buildConfigurations = (
				07DC9FF9292ECB16007BFB6E /* Debug */,
				07DC9FFA292ECB16007BFB6E /* Release */,
			);
			defaultConfigurationIsVisible = 0;
			defaultConfigurationName = Release;
		};
		07DC9FFB292ECB16007BFB6E /* Build configuration list for PBXNativeTarget "BigRedBountyTests" */ = {
			isa = XCConfigurationList;
			buildConfigurations = (
				07DC9FFC292ECB16007BFB6E /* Debug */,
				07DC9FFD292ECB16007BFB6E /* Release */,
			);
			defaultConfigurationIsVisible = 0;
			defaultConfigurationName = Release;
		};
		07DC9FFE292ECB16007BFB6E /* Build configuration list for PBXNativeTarget "BigRedBountyUITests" */ = {
			isa = XCConfigurationList;
			buildConfigurations = (
				07DC9FFF292ECB16007BFB6E /* Debug */,
				07DCA000292ECB16007BFB6E /* Release */,
			);
			defaultConfigurationIsVisible = 0;
			defaultConfigurationName = Release;
		};
/* End XCConfigurationList section */
	};
	rootObject = 07DC9FCC292ECB15007BFB6E /* Project object */;
}
